<?xml version="1.0" encoding="utf-8"?>
<Project ToolsVersion="4.0" xmlns="http://schemas.microsoft.com/developer/msbuild/2003">
  <ItemGroup>
    <Filter Include="Source Files">
      <UniqueIdentifier>{4FC737F1-C7A5-4376-A066-2A32D752A2FF}</UniqueIdentifier>
      <Extensions>cpp;c;cc;cxx;def;odl;idl;hpj;bat;asm;asmx</Extensions>
    </Filter>
    <Filter Include="Header Files">
      <UniqueIdentifier>{93995380-89BD-4b04-88EB-625FBE52EBFB}</UniqueIdentifier>
      <Extensions>h;hh;hpp;hxx;hm;inl;inc;ipp;xsd</Extensions>
    </Filter>
    <Filter Include="Resource Files">
      <UniqueIdentifier>{67DA6AB6-F800-4c08-8B7A-83BB121AAD01}</UniqueIdentifier>
      <Extensions>rc;ico;cur;bmp;dlg;rc2;rct;bin;rgs;gif;jpg;jpeg;jpe;resx;tiff;tif;png;wav;mfcribbon-ms</Extensions>
    </Filter>
    <Filter Include="Header Files\unit_tests">
      <UniqueIdentifier>{71c98322-5c44-41ce-8f07-8fb4ab64a5b3}</UniqueIdentifier>
    </Filter>
  </ItemGroup>
  <ItemGroup>
    <ClCompile Include="main.cpp">
      <Filter>Source Files</Filter>
    </ClCompile>
  </ItemGroup>
  <ItemGroup>
    <ClInclude Include="lattice.h">
      <Filter>Header Files</Filter>
    </ClInclude>
    <ClInclude Include="lattice_types.h">
      <Filter>Header Files</Filter>
    </ClInclude>
    <ClInclude Include="lattice_structure.h">
      <Filter>Header Files</Filter>
    </ClInclude>
    <ClInclude Include="lattice_algorithms.h">
      <Filter>Header Files</Filter>
    </ClInclude>
    <ClInclude Include="lattice_structure_t.h">
      <Filter>Header Files\unit_tests</Filter>
    </ClInclude>
    <ClInclude Include="lattice_algorithms_t.h">
      <Filter>Header Files\unit_tests</Filter>
    </ClInclude>
    <ClInclude Include="lattice_utility.h">
      <Filter>Header Files</Filter>
    </ClInclude>
    <ClInclude Include="lattice_utility_t.h">
      <Filter>Header Files\unit_tests</Filter>
    </ClInclude>
    <ClInclude Include="lattice_model.h">
      <Filter>Header Files</Filter>
    </ClInclude>
    <ClInclude Include="lattice_miscellaneous.h">
      <Filter>Header Files</Filter>
    </ClInclude>
    <ClInclude Include="lattice_model_t.h">
      <Filter>Header Files\unit_tests</Filter>
    </ClInclude>
    <ClInclude Include="lattice_examples.h">
      <Filter>Header Files</Filter>
    </ClInclude>
    <ClInclude Include="lattice_model_components.h">
      <Filter>Header Files</Filter>
    </ClInclude>
    <ClInclude Include="lattice_greeks.h">
      <Filter>Header Files</Filter>
    </ClInclude>
    <ClInclude Include="lattice_greeks_t.h">
      <Filter>Header Files\unit_tests</Filter>
    </ClInclude>
    <ClInclude Include="lattice_macros.h">
      <Filter>Header Files</Filter>
    </ClInclude>
    <ClInclude Include="lattice_forward_traversals.h">
      <Filter>Header Files</Filter>
    </ClInclude>
    <ClInclude Include="lattice_backward_traversals.h">
      <Filter>Header Files</Filter>
    </ClInclude>
    <ClInclude Include="lattice_traits.h">
      <Filter>Header Files</Filter>
    </ClInclude>
    <ClInclude Include="lattice_merge.h">
      <Filter>Header Files</Filter>
    </ClInclude>
    <ClInclude Include="lattice_policy.h">
      <Filter>Header Files</Filter>
    </ClInclude>
    <ClInclude Include="lattice_calibrator_results.h">
      <Filter>Header Files</Filter>
    </ClInclude>
    <ClInclude Include="lattice_calibrator.h">
      <Filter>Header Files</Filter>
    </ClInclude>
    <ClInclude Include="lattice_calibrator_ir.h">
      <Filter>Header Files</Filter>
    </ClInclude>
    <ClInclude Include="lattice_calibrator_ir_t.h">
      <Filter>Header Files\unit_tests</Filter>
    </ClInclude>
    <ClInclude Include="lattice_model_binomial.h">
      <Filter>Header Files</Filter>
    </ClInclude>
    <ClInclude Include="lattice_model_trinomial.h">
      <Filter>Header Files</Filter>
    </ClInclude>
    <ClInclude Include="lattice_model_interface.h">
      <Filter>Header Files</Filter>
    </ClInclude>
    <ClInclude Include="lattice_examples_calibrate_price_ir.h">
      <Filter>Header Files</Filter>
    </ClInclude>
    <ClInclude Include="lattice_bond_builders.h">
      <Filter>Header Files</Filter>
    </ClInclude>
    <ClInclude Include="lattice_calibrator_equity.h">
      <Filter>Header Files</Filter>
    </ClInclude>
    <ClInclude Include="lattice_calibrator_equity_t.h">
      <Filter>Header Files\unit_tests</Filter>
    </ClInclude>
    <ClInclude Include="lattice_builder.h">
      <Filter>Header Files</Filter>
    </ClInclude>
    <ClInclude Include="lattice_builder_t.h">
      <Filter>Header Files\unit_tests</Filter>
    </ClInclude>
  </ItemGroup>
</Project>